
Microsoft Visual Studio Solution File, Format Version 12.00
# Visual Studio 15
VisualStudioVersion = 15.0.28307.421
MinimumVisualStudioVersion = 10.0.40219.1
Project("{9A19103F-16F7-4668-BE54-9A1E7A4F7556}") = "Nightingale.Core", "Nightingale.Core\Nightingale.Core.csproj", "{C068957D-9493-46D5-A338-61D7C94A1E2F}"
EndProject
Project("{FAE04EC0-301F-11D3-BF4B-00C04F79EFBC}") = "Nightingale.Android", "Nightingale\Nightingale.Android\Nightingale.Android.csproj", "{073A2922-5A08-48E8-84E3-09E683C7ADC5}"
EndProject
Project("{FAE04EC0-301F-11D3-BF4B-00C04F79EFBC}") = "Nightingale.UWP", "Nightingale\Nightingale.UWP\Nightingale.UWP.csproj", "{9F4E07A9-0521-459C-BDF6-E428133AEF44}"
EndProject
Project("{FAE04EC0-301F-11D3-BF4B-00C04F79EFBC}") = "Nightingale", "Nightingale\Nightingale\Nightingale.csproj", "{9D4C23C1-B5E1-401C-9793-AC873D6870B7}"
EndProject
Global
	GlobalSection(SolutionConfigurationPlatforms) = preSolution
		Debug|Any CPU = Debug|Any CPU
		Debug|ARM = Debug|ARM
		Debug|x64 = Debug|x64
		Debug|x86 = Debug|x86
		Release|Any CPU = Release|Any CPU
		Release|ARM = Release|ARM
		Release|x64 = Release|x64
		Release|x86 = Release|x86
	EndGlobalSection
	GlobalSection(ProjectConfigurationPlatforms) = postSolution
		{C068957D-9493-46D5-A338-61D7C94A1E2F}.Debug|Any CPU.ActiveCfg = Debug|Any CPU
		{C068957D-9493-46D5-A338-61D7C94A1E2F}.Debug|Any CPU.Build.0 = Debug|Any CPU
		{C068957D-9493-46D5-A338-61D7C94A1E2F}.Debug|ARM.ActiveCfg = Debug|Any CPU
		{C068957D-9493-46D5-A338-61D7C94A1E2F}.Debug|ARM.Build.0 = Debug|Any CPU
		{C068957D-9493-46D5-A338-61D7C94A1E2F}.Debug|x64.ActiveCfg = Debug|Any CPU
		{C068957D-9493-46D5-A338-61D7C94A1E2F}.Debug|x64.Build.0 = Debug|Any CPU
		{C068957D-9493-46D5-A338-61D7C94A1E2F}.Debug|x86.ActiveCfg = Debug|Any CPU
		{C068957D-9493-46D5-A338-61D7C94A1E2F}.Debug|x86.Build.0 = Debug|Any CPU
		{C068957D-9493-46D5-A338-61D7C94A1E2F}.Release|Any CPU.ActiveCfg = Release|Any CPU
		{C068957D-9493-46D5-A338-61D7C94A1E2F}.Release|Any CPU.Build.0 = Release|Any CPU
		{C068957D-9493-46D5-A338-61D7C94A1E2F}.Release|ARM.ActiveCfg = Release|Any CPU
		{C068957D-9493-46D5-A338-61D7C94A1E2F}.Release|ARM.Build.0 = Release|Any CPU
		{C068957D-9493-46D5-A338-61D7C94A1E2F}.Release|x64.ActiveCfg = Release|Any CPU
		{C068957D-9493-46D5-A338-61D7C94A1E2F}.Release|x64.Build.0 = Release|Any CPU
		{C068957D-9493-46D5-A338-61D7C94A1E2F}.Release|x86.ActiveCfg = Release|Any CPU
		{C068957D-9493-46D5-A338-61D7C94A1E2F}.Release|x86.Build.0 = Release|Any CPU
		{073A2922-5A08-48E8-84E3-09E683C7ADC5}.Debug|Any CPU.ActiveCfg = Debug|Any CPU
		{073A2922-5A08-48E8-84E3-09E683C7ADC5}.Debug|Any CPU.Build.0 = Debug|Any CPU
		{073A2922-5A08-48E8-84E3-09E683C7ADC5}.Debug|Any CPU.Deploy.0 = Debug|Any CPU
		{073A2922-5A08-48E8-84E3-09E683C7ADC5}.Debug|ARM.ActiveCfg = Debug|Any CPU
		{073A2922-5A08-48E8-84E3-09E683C7ADC5}.Debug|ARM.Build.0 = Debug|Any CPU
		{073A2922-5A08-48E8-84E3-09E683C7ADC5}.Debug|ARM.Deploy.0 = Debug|Any CPU
		{073A2922-5A08-48E8-84E3-09E683C7ADC5}.Debug|x64.ActiveCfg = Debug|Any CPU
		{073A2922-5A08-48E8-84E3-09E683C7ADC5}.Debug|x64.Build.0 = Debug|Any CPU
		{073A2922-5A08-48E8-84E3-09E683C7ADC5}.Debug|x64.Deploy.0 = Debug|Any CPU
		{073A2922-5A08-48E8-84E3-09E683C7ADC5}.Debug|x86.ActiveCfg = Debug|Any CPU
		{073A2922-5A08-48E8-84E3-09E683C7ADC5}.Debug|x86.Build.0 = Debug|Any CPU
		{073A2922-5A08-48E8-84E3-09E683C7ADC5}.Debug|x86.Deploy.0 = Debug|Any CPU
		{073A2922-5A08-48E8-84E3-09E683C7ADC5}.Release|Any CPU.ActiveCfg = Release|Any CPU
		{073A2922-5A08-48E8-84E3-09E683C7ADC5}.Release|Any CPU.Build.0 = Release|Any CPU
		{073A2922-5A08-48E8-84E3-09E683C7ADC5}.Release|Any CPU.Deploy.0 = Release|Any CPU
		{073A2922-5A08-48E8-84E3-09E683C7ADC5}.Release|ARM.ActiveCfg = Release|Any CPU
		{073A2922-5A08-48E8-84E3-09E683C7ADC5}.Release|ARM.Build.0 = Release|Any CPU
		{073A2922-5A08-48E8-84E3-09E683C7ADC5}.Release|ARM.Deploy.0 = Release|Any CPU
		{073A2922-5A08-48E8-84E3-09E683C7ADC5}.Release|x64.ActiveCfg = Release|Any CPU
		{073A2922-5A08-48E8-84E3-09E683C7ADC5}.Release|x64.Build.0 = Release|Any CPU
		{073A2922-5A08-48E8-84E3-09E683C7ADC5}.Release|x64.Deploy.0 = Release|Any CPU
		{073A2922-5A08-48E8-84E3-09E683C7ADC5}.Release|x86.ActiveCfg = Release|Any CPU
		{073A2922-5A08-48E8-84E3-09E683C7ADC5}.Release|x86.Build.0 = Release|Any CPU
		{073A2922-5A08-48E8-84E3-09E683C7ADC5}.Release|x86.Deploy.0 = Release|Any CPU
		{9F4E07A9-0521-459C-BDF6-E428133AEF44}.Debug|Any CPU.ActiveCfg = Debug|x86
		{9F4E07A9-0521-459C-BDF6-E428133AEF44}.Debug|ARM.ActiveCfg = Debug|ARM
		{9F4E07A9-0521-459C-BDF6-E428133AEF44}.Debug|ARM.Build.0 = Debug|ARM
		{9F4E07A9-0521-459C-BDF6-E428133AEF44}.Debug|ARM.Deploy.0 = Debug|ARM
		{9F4E07A9-0521-459C-BDF6-E428133AEF44}.Debug|x64.ActiveCfg = Debug|x64
		{9F4E07A9-0521-459C-BDF6-E428133AEF44}.Debug|x64.Build.0 = Debug|x64
		{9F4E07A9-0521-459C-BDF6-E428133AEF44}.Debug|x64.Deploy.0 = Debug|x64
		{9F4E07A9-0521-459C-BDF6-E428133AEF44}.Debug|x86.ActiveCfg = Debug|x86
		{9F4E07A9-0521-459C-BDF6-E428133AEF44}.Debug|x86.Build.0 = Debug|x86
		{9F4E07A9-0521-459C-BDF6-E428133AEF44}.Debug|x86.Deploy.0 = Debug|x86
		{9F4E07A9-0521-459C-BDF6-E428133AEF44}.Release|Any CPU.ActiveCfg = Release|x86
		{9F4E07A9-0521-459C-BDF6-E428133AEF44}.Release|ARM.ActiveCfg = Release|ARM
		{9F4E07A9-0521-459C-BDF6-E428133AEF44}.Release|ARM.Build.0 = Release|ARM
		{9F4E07A9-0521-459C-BDF6-E428133AEF44}.Release|ARM.Deploy.0 = Release|ARM
		{9F4E07A9-0521-459C-BDF6-E428133AEF44}.Release|x64.ActiveCfg = Release|x64
		{9F4E07A9-0521-459C-BDF6-E428133AEF44}.Release|x64.Build.0 = Release|x64
		{9F4E07A9-0521-459C-BDF6-E428133AEF44}.Release|x64.Deploy.0 = Release|x64
		{9F4E07A9-0521-459C-BDF6-E428133AEF44}.Release|x86.ActiveCfg = Release|x86
		{9F4E07A9-0521-459C-BDF6-E428133AEF44}.Release|x86.Build.0 = Release|x86
		{9F4E07A9-0521-459C-BDF6-E428133AEF44}.Release|x86.Deploy.0 = Release|x86
		{9D4C23C1-B5E1-401C-9793-AC873D6870B7}.Debug|Any CPU.ActiveCfg = Debug|Any CPU
		{9D4C23C1-B5E1-401C-9793-AC873D6870B7}.Debug|Any CPU.Build.0 = Debug|Any CPU
		{9D4C23C1-B5E1-401C-9793-AC873D6870B7}.Debug|ARM.ActiveCfg = Debug|Any CPU
		{9D4C23C1-B5E1-401C-9793-AC873D6870B7}.Debug|ARM.Build.0 = Debug|Any CPU
		{9D4C23C1-B5E1-401C-9793-AC873D6870B7}.Debug|x64.ActiveCfg = Debug|Any CPU
		{9D4C23C1-B5E1-401C-9793-AC873D6870B7}.Debug|x64.Build.0 = Debug|Any CPU
		{9D4C23C1-B5E1-401C-9793-AC873D6870B7}.Debug|x86.ActiveCfg = Debug|Any CPU
		{9D4C23C1-B5E1-401C-9793-AC873D6870B7}.Debug|x86.Build.0 = Debug|Any CPU
		{9D4C23C1-B5E1-401C-9793-AC873D6870B7}.Release|Any CPU.ActiveCfg = Release|Any CPU
		{9D4C23C1-B5E1-401C-9793-AC873D6870B7}.Release|Any CPU.Build.0 = Release|Any CPU
		{9D4C23C1-B5E1-401C-9793-AC873D6870B7}.Release|ARM.ActiveCfg = Release|Any CPU
		{9D4C23C1-B5E1-401C-9793-AC873D6870B7}.Release|ARM.Build.0 = Release|Any CPU
		{9D4C23C1-B5E1-401C-9793-AC873D6870B7}.Release|x64.ActiveCfg = Release|Any CPU
		{9D4C23C1-B5E1-401C-9793-AC873D6870B7}.Release|x64.Build.0 = Release|Any CPU
		{9D4C23C1-B5E1-401C-9793-AC873D6870B7}.Release|x86.ActiveCfg = Release|Any CPU
		{9D4C23C1-B5E1-401C-9793-AC873D6870B7}.Release|x86.Build.0 = Release|Any CPU
	EndGlobalSection
	GlobalSection(SolutionProperties) = preSolution
		HideSolutionNode = FALSE
	EndGlobalSection
	GlobalSection(ExtensibilityGlobals) = postSolution
		SolutionGuid = {78BFB6BB-A161-4A45-AB81-AE2E993F3F1E}
	EndGlobalSection
EndGlobal
